{
  "name": "review-police",
  "version": "0.0.1",
  "lockfileVersion": 2,
  "requires": true,
  "packages": {
    "": {
      "version": "0.0.1",
      "license": "ISC",
      "dependencies": {
        "@octokit/webhooks": "^9.15.0"
      }
    },
    "node_modules/@octokit/openapi-types": {
      "version": "10.6.1",
      "resolved": "https://registry.npmjs.org/@octokit/openapi-types/-/openapi-types-10.6.1.tgz",
      "integrity": "sha512-53YKy8w8+sHQhUONhTiYt6MqNqPolejYr6rK/3VOevpORAIYGQEX2pmXnnhgdSsjHy176e5ZBgVt0ppOGziS7g=="
    },
    "node_modules/@octokit/request-error": {
      "version": "2.1.0",
      "resolved": "https://registry.npmjs.org/@octokit/request-error/-/request-error-2.1.0.tgz",
      "integrity": "sha512-1VIvgXxs9WHSjicsRwq8PlR2LR2x6DwsJAaFgzdi0JfJoGSO8mYI/cHJQ+9FbN21aa+DrgNLnwObmyeSC8Rmpg==",
      "dependencies": {
        "@octokit/types": "^6.0.3",
        "deprecation": "^2.0.0",
        "once": "^1.4.0"
      }
    },
    "node_modules/@octokit/types": {
      "version": "6.31.1",
      "resolved": "https://registry.npmjs.org/@octokit/types/-/types-6.31.1.tgz",
      "integrity": "sha512-xkF46eaYcpT8ieO78mZWhMq3bt37zIsP5BUkN+zWgX+mTYDB7jOtUP1MOxcSF8hhJhsjjlB1YDgQAhX0z0oqPw==",
      "dependencies": {
        "@octokit/openapi-types": "^10.6.1"
      }
    },
    "node_modules/@octokit/webhooks": {
      "version": "9.15.0",
      "resolved": "https://registry.npmjs.org/@octokit/webhooks/-/webhooks-9.15.0.tgz",
      "integrity": "sha512-IFHXmTT4rVz8TbH5oH8qmJkM9UJLo75mmaMydKdn0j/ffLuTQ/+j6+Jl5dyboUo6AtUwaklFacszViVCKHME6A==",
      "dependencies": {
        "@octokit/request-error": "^2.0.2",
        "@octokit/webhooks-methods": "^2.0.0",
        "@octokit/webhooks-types": "4.7.0",
        "aggregate-error": "^3.1.0"
      }
    },
    "node_modules/@octokit/webhooks-methods": {
      "version": "2.0.0",
      "resolved": "https://registry.npmjs.org/@octokit/webhooks-methods/-/webhooks-methods-2.0.0.tgz",
      "integrity": "sha512-35cfQ4YWlnZnmZKmIxlGPUPLtbkF8lr/A/1Sk1eC0ddLMwQN06dOuLc+dI3YLQS+T+MoNt3DIQ0NynwgKPilig=="
    },
    "node_modules/@octokit/webhooks-types": {
      "version": "4.7.0",
      "resolved": "https://registry.npmjs.org/@octokit/webhooks-types/-/webhooks-types-4.7.0.tgz",
      "integrity": "sha512-LWTPedtJtcdA1+k+iERtCr7UnO/d+Cr00/vRPhjASTHz2G/ZtSAnDNjDv5c7X2R7OJsPE6eFUMT7frwjjuAbZA=="
    },
    "node_modules/aggregate-error": {
      "version": "3.1.0",
      "resolved": "https://registry.npmjs.org/aggregate-error/-/aggregate-error-3.1.0.tgz",
      "integrity": "sha512-4I7Td01quW/RpocfNayFdFVk1qSuoh0E7JrbRJ16nH01HhKFQ88INq9Sd+nd72zqRySlr9BmDA8xlEJ6vJMrYA==",
      "dependencies": {
        "clean-stack": "^2.0.0",
        "indent-string": "^4.0.0"
      },
      "engines": {
        "node": ">=8"
      }
    },
    "node_modules/clean-stack": {
      "version": "2.2.0",
      "resolved": "https://registry.npmjs.org/clean-stack/-/clean-stack-2.2.0.tgz",
      "integrity": "sha512-4diC9HaTE+KRAMWhDhrGOECgWZxoevMc5TlkObMqNSsVU62PYzXZ/SMTjzyGAFF1YusgxGcSWTEXBhp0CPwQ1A==",
      "engines": {
        "node": ">=6"
      }
    },
    "node_modules/deprecation": {
      "version": "2.3.1",
      "resolved": "https://registry.npmjs.org/deprecation/-/deprecation-2.3.1.tgz",
      "integrity": "sha512-xmHIy4F3scKVwMsQ4WnVaS8bHOx0DmVwRywosKhaILI0ywMDWPtBSku2HNxRvF7jtwDRsoEwYQSfbxj8b7RlJQ=="
    },
    "node_modules/indent-string": {
      "version": "4.0.0",
      "resolved": "https://registry.npmjs.org/indent-string/-/indent-string-4.0.0.tgz",
      "integrity": "sha512-EdDDZu4A2OyIK7Lr/2zG+w5jmbuk1DVBnEwREQvBzspBJkCEbRa8GxU1lghYcaGJCnRWibjDXlq779X1/y5xwg==",
      "engines": {
        "node": ">=8"
      }
    },
    "node_modules/once": {
      "version": "1.4.0",
      "resolved": "https://registry.npmjs.org/once/-/once-1.4.0.tgz",
      "integrity": "sha1-WDsap3WWHUsROsF9nFC6753Xa9E=",
      "dependencies": {
        "wrappy": "1"
      }
    },
    "node_modules/wrappy": {
      "version": "1.0.2",
      "resolved": "https://registry.npmjs.org/wrappy/-/wrappy-1.0.2.tgz",
      "integrity": "sha1-tSQ9jz7BqjXxNkYFvA0QNuMKtp8="
    }
  },
  "dependencies": {
    "@octokit/openapi-types": {
      "version": "10.6.1",
      "resolved": "https://registry.npmjs.org/@octokit/openapi-types/-/openapi-types-10.6.1.tgz",
      "integrity": "sha512-53YKy8w8+sHQhUONhTiYt6MqNqPolejYr6rK/3VOevpORAIYGQEX2pmXnnhgdSsjHy176e5ZBgVt0ppOGziS7g=="
    },
    "@octokit/request-error": {
      "version": "2.1.0",
      "resolved": "https://registry.npmjs.org/@octokit/request-error/-/request-error-2.1.0.tgz",
      "integrity": "sha512-1VIvgXxs9WHSjicsRwq8PlR2LR2x6DwsJAaFgzdi0JfJoGSO8mYI/cHJQ+9FbN21aa+DrgNLnwObmyeSC8Rmpg==",
      "requires": {
        "@octokit/types": "^6.0.3",
        "deprecation": "^2.0.0",
        "once": "^1.4.0"
      }
    },
    "@octokit/types": {
      "version": "6.31.1",
      "resolved": "https://registry.npmjs.org/@octokit/types/-/types-6.31.1.tgz",
      "integrity": "sha512-xkF46eaYcpT8ieO78mZWhMq3bt37zIsP5BUkN+zWgX+mTYDB7jOtUP1MOxcSF8hhJhsjjlB1YDgQAhX0z0oqPw==",
      "requires": {
        "@octokit/openapi-types": "^10.6.1"
      }
    },
    "@octokit/webhooks": {
      "version": "9.15.0",
      "resolved": "https://registry.npmjs.org/@octokit/webhooks/-/webhooks-9.15.0.tgz",
      "integrity": "sha512-IFHXmTT4rVz8TbH5oH8qmJkM9UJLo75mmaMydKdn0j/ffLuTQ/+j6+Jl5dyboUo6AtUwaklFacszViVCKHME6A==",
      "requires": {
        "@octokit/request-error": "^2.0.2",
        "@octokit/webhooks-methods": "^2.0.0",
        "@octokit/webhooks-types": "4.7.0",
        "aggregate-error": "^3.1.0"
      }
    },
    "@octokit/webhooks-methods": {
      "version": "2.0.0",
      "resolved": "https://registry.npmjs.org/@octokit/webhooks-methods/-/webhooks-methods-2.0.0.tgz",
      "integrity": "sha512-35cfQ4YWlnZnmZKmIxlGPUPLtbkF8lr/A/1Sk1eC0ddLMwQN06dOuLc+dI3YLQS+T+MoNt3DIQ0NynwgKPilig=="
    },
    "@octokit/webhooks-types": {
      "version": "4.7.0",
      "resolved": "https://registry.npmjs.org/@octokit/webhooks-types/-/webhooks-types-4.7.0.tgz",
      "integrity": "sha512-LWTPedtJtcdA1+k+iERtCr7UnO/d+Cr00/vRPhjASTHz2G/ZtSAnDNjDv5c7X2R7OJsPE6eFUMT7frwjjuAbZA=="
    },
    "aggregate-error": {
      "version": "3.1.0",
      "resolved": "https://registry.npmjs.org/aggregate-error/-/aggregate-error-3.1.0.tgz",
      "integrity": "sha512-4I7Td01quW/RpocfNayFdFVk1qSuoh0E7JrbRJ16nH01HhKFQ88INq9Sd+nd72zqRySlr9BmDA8xlEJ6vJMrYA==",
      "requires": {
        "clean-stack": "^2.0.0",
        "indent-string": "^4.0.0"
      }
    },
    "clean-stack": {
      "version": "2.2.0",
      "resolved": "https://registry.npmjs.org/clean-stack/-/clean-stack-2.2.0.tgz",
      "integrity": "sha512-4diC9HaTE+KRAMWhDhrGOECgWZxoevMc5TlkObMqNSsVU62PYzXZ/SMTjzyGAFF1YusgxGcSWTEXBhp0CPwQ1A=="
    },
    "deprecation": {
      "version": "2.3.1",
      "resolved": "https://registry.npmjs.org/deprecation/-/deprecation-2.3.1.tgz",
      "integrity": "sha512-xmHIy4F3scKVwMsQ4WnVaS8bHOx0DmVwRywosKhaILI0ywMDWPtBSku2HNxRvF7jtwDRsoEwYQSfbxj8b7RlJQ=="
    },
    "indent-string": {
      "version": "4.0.0",
      "resolved": "https://registry.npmjs.org/indent-string/-/indent-string-4.0.0.tgz",
      "integrity": "sha512-EdDDZu4A2OyIK7Lr/2zG+w5jmbuk1DVBnEwREQvBzspBJkCEbRa8GxU1lghYcaGJCnRWibjDXlq779X1/y5xwg=="
    },
    "once": {
      "version": "1.4.0",
      "resolved": "https://registry.npmjs.org/once/-/once-1.4.0.tgz",
      "integrity": "sha1-WDsap3WWHUsROsF9nFC6753Xa9E=",
      "requires": {
        "wrappy": "1"
      }
    },
    "wrappy": {
      "version": "1.0.2",
      "resolved": "https://registry.npmjs.org/wrappy/-/wrappy-1.0.2.tgz",
      "integrity": "sha1-tSQ9jz7BqjXxNkYFvA0QNuMKtp8="
    }
  }
}
